<?xml version="1.0" encoding="utf-8"?>
<Project ToolsVersion="4.0" xmlns="http://schemas.microsoft.com/developer/msbuild/2003">
  <ItemGroup>
    <Filter Include="Source Files">
      <UniqueIdentifier>{4FC737F1-C7A5-4376-A066-2A32D752A2FF}</UniqueIdentifier>
      <Extensions>cpp;c;cc;cxx;def;odl;idl;hpj;bat;asm;asmx</Extensions>
    </Filter>
    <Filter Include="test_cpp">
      <UniqueIdentifier>{2a21743e-ddf0-4a6d-abc2-f24c9c3195da}</UniqueIdentifier>
    </Filter>
    <Filter Include="test_h">
      <UniqueIdentifier>{bf467715-c35b-4573-b466-c62c56aa0c2b}</UniqueIdentifier>
    </Filter>
  </ItemGroup>
  <ItemGroup>
    <ClCompile Include="ext_object_test.cpp">
      <Filter>Source Files</Filter>
    </ClCompile>
    <ClCompile Include="TestBOMXML.cpp">
      <Filter>Source Files</Filter>
    </ClCompile>
    <ClCompile Include="..\ext_object\src\PiecePart.cpp">
      <Filter>test_cpp</Filter>
    </ClCompile>
    <ClCompile Include="..\ext_object\src\XMLPiecePartExtension.cpp">
      <Filter>test_cpp</Filter>
    </ClCompile>
    <ClCompile Include="..\ext_object\src\xml\tinyxml2.cpp">
      <Filter>test_cpp</Filter>
    </ClCompile>
    <ClCompile Include="..\ext_object\src\Assembly.cpp">
      <Filter>test_cpp</Filter>
    </ClCompile>
    <ClCompile Include="..\ext_object\src\XMLAssemblyExtension.cpp">
      <Filter>test_cpp</Filter>
    </ClCompile>
    <ClCompile Include="..\ext_object\src\CSVPiecePartExtension.cpp">
      <Filter>test_cpp</Filter>
    </ClCompile>
    <ClCompile Include="..\ext_object\src\CSVAssemblyExtension.cpp">
      <Filter>test_cpp</Filter>
    </ClCompile>
  </ItemGroup>
  <ItemGroup>
    <ClInclude Include="all_header.h">
      <Filter>test_h</Filter>
    </ClInclude>
  </ItemGroup>
</Project>