<?xml version="1.0" encoding="utf-8"?>
<Project ToolsVersion="4.0" xmlns="http://schemas.microsoft.com/developer/msbuild/2003">
  <ItemGroup>
    <Filter Include="Source Files">
      <UniqueIdentifier>{4FC737F1-C7A5-4376-A066-2A32D752A2FF}</UniqueIdentifier>
      <Extensions>cpp;c;cc;cxx;def;odl;idl;hpj;bat;asm;asmx</Extensions>
    </Filter>
    <Filter Include="Header Files">
      <UniqueIdentifier>{93995380-89BD-4b04-88EB-625FBE52EBFB}</UniqueIdentifier>
      <Extensions>h;hh;hpp;hxx;hm;inl;inc;ipp;xsd</Extensions>
    </Filter>
    <Filter Include="Resource Files">
      <UniqueIdentifier>{67DA6AB6-F800-4c08-8B7A-83BB121AAD01}</UniqueIdentifier>
      <Extensions>rc;ico;cur;bmp;dlg;rc2;rct;bin;rgs;gif;jpg;jpeg;jpe;resx;tiff;tif;png;wav;mfcribbon-ms</Extensions>
    </Filter>
    <Filter Include="db">
      <UniqueIdentifier>{4aabacad-1860-47f4-973c-17825af3e61c}</UniqueIdentifier>
    </Filter>
    <Filter Include="cmd_line">
      <UniqueIdentifier>{0513126b-737a-425f-b82f-d4a4b6578203}</UniqueIdentifier>
    </Filter>
    <Filter Include="util">
      <UniqueIdentifier>{95be627e-8de5-4fb3-a407-a408a8d08cde}</UniqueIdentifier>
    </Filter>
  </ItemGroup>
  <ItemGroup>
    <ClCompile Include="salary.cpp">
      <Filter>Source Files</Filter>
    </ClCompile>
    <ClCompile Include="db.cpp">
      <Filter>db</Filter>
    </ClCompile>
    <ClCompile Include="command_line.cpp">
      <Filter>cmd_line</Filter>
    </ClCompile>
    <ClCompile Include="util.cpp">
      <Filter>util</Filter>
    </ClCompile>
    <ClCompile Include="employee.cpp">
      <Filter>db</Filter>
    </ClCompile>
  </ItemGroup>
  <ItemGroup>
    <ClInclude Include="db.h">
      <Filter>db</Filter>
    </ClInclude>
    <ClInclude Include="db_struct.h">
      <Filter>db</Filter>
    </ClInclude>
    <ClInclude Include="command_line.h">
      <Filter>cmd_line</Filter>
    </ClInclude>
    <ClInclude Include="util.h">
      <Filter>util</Filter>
    </ClInclude>
    <ClInclude Include="salary.h">
      <Filter>Header Files</Filter>
    </ClInclude>
    <ClInclude Include="employee.h">
      <Filter>db</Filter>
    </ClInclude>
  </ItemGroup>
  <ItemGroup>
    <None Include="..\x64\Debug\salary.db">
      <Filter>db</Filter>
    </None>
  </ItemGroup>
</Project>