<?xml version="1.0" encoding="utf-8"?>
<Project ToolsVersion="4.0" xmlns="http://schemas.microsoft.com/developer/msbuild/2003">
  <ItemGroup>
    <ClCompile Include="src\CommissionedClassification.cpp">
      <Filter>classification</Filter>
    </ClCompile>
    <ClCompile Include="src\PaymentClassification.cpp">
      <Filter>classification</Filter>
    </ClCompile>
    <ClCompile Include="src\HourlyClassification.cpp">
      <Filter>classification</Filter>
    </ClCompile>
    <ClCompile Include="src\SalariedClassification.cpp">
      <Filter>classification</Filter>
    </ClCompile>
    <ClCompile Include="src\BiweeklySchedule.cpp">
      <Filter>schedule</Filter>
    </ClCompile>
    <ClCompile Include="src\MonthlySchedule.cpp">
      <Filter>schedule</Filter>
    </ClCompile>
    <ClCompile Include="src\PaymentSchedule.cpp">
      <Filter>schedule</Filter>
    </ClCompile>
    <ClCompile Include="src\WeeklySchedule.cpp">
      <Filter>schedule</Filter>
    </ClCompile>
    <ClCompile Include="src\AddEmployeeTransaction.cpp">
      <Filter>transaction</Filter>
    </ClCompile>
    <ClCompile Include="src\AddSalariedEmployee.cpp">
      <Filter>transaction</Filter>
    </ClCompile>
    <ClCompile Include="src\DirectMethod.cpp">
      <Filter>method</Filter>
    </ClCompile>
    <ClCompile Include="src\HoldMethod.cpp">
      <Filter>method</Filter>
    </ClCompile>
    <ClCompile Include="src\MailMethod.cpp">
      <Filter>method</Filter>
    </ClCompile>
    <ClCompile Include="src\PaymentMethod.cpp">
      <Filter>method</Filter>
    </ClCompile>
    <ClCompile Include="src\AddHourlyEmployee.cpp">
      <Filter>transaction</Filter>
    </ClCompile>
    <ClCompile Include="src\AddCommissionedEmployee.cpp">
      <Filter>transaction</Filter>
    </ClCompile>
    <ClCompile Include="src\DeleteEmployeeTransaction.cpp">
      <Filter>transaction</Filter>
    </ClCompile>
    <ClCompile Include="src\TimeCardTransaction.cpp">
      <Filter>transaction</Filter>
    </ClCompile>
    <ClCompile Include="util\Date.cpp">
      <Filter>util</Filter>
    </ClCompile>
    <ClCompile Include="src\SalesReceiptTransaction.cpp">
      <Filter>transaction</Filter>
    </ClCompile>
    <ClCompile Include="src\ServiceChargeTransaction.cpp">
      <Filter>transaction</Filter>
    </ClCompile>
    <ClCompile Include="src\ChangeEmployeeTransaction.cpp">
      <Filter>transaction</Filter>
    </ClCompile>
    <ClCompile Include="src\ChangeNameTransaction.cpp">
      <Filter>transaction</Filter>
    </ClCompile>
    <ClCompile Include="src\ChangeClassificationTransaction.cpp">
      <Filter>transaction</Filter>
    </ClCompile>
    <ClCompile Include="src\ChangeHourlyTransaction.cpp">
      <Filter>transaction</Filter>
    </ClCompile>
    <ClCompile Include="src\ChangeSalariedTransaction.cpp">
      <Filter>transaction</Filter>
    </ClCompile>
    <ClCompile Include="src\ChangeCommissionedTransaction.cpp">
      <Filter>transaction</Filter>
    </ClCompile>
    <ClCompile Include="src\ChangeMethodTransaction.cpp">
      <Filter>transaction</Filter>
    </ClCompile>
    <ClCompile Include="src\ChangeDirectTransaction.cpp">
      <Filter>transaction</Filter>
    </ClCompile>
    <ClCompile Include="src\ChangeAffiliationTransaction.cpp">
      <Filter>transaction</Filter>
    </ClCompile>
    <ClCompile Include="src\ChangeMemberTransaction.cpp">
      <Filter>transaction</Filter>
    </ClCompile>
    <ClCompile Include="src\UnionAffiliation.cpp">
      <Filter>affiliation</Filter>
    </ClCompile>
    <ClCompile Include="src\Affiliation.cpp">
      <Filter>affiliation</Filter>
    </ClCompile>
    <ClCompile Include="src\NoAffiliation.cpp">
      <Filter>affiliation</Filter>
    </ClCompile>
    <ClCompile Include="src\ChangeUnaffiliationTransaction.cpp">
      <Filter>transaction</Filter>
    </ClCompile>
    <ClCompile Include="src\PaydayTransaction.cpp">
      <Filter>transaction</Filter>
    </ClCompile>
    <ClCompile Include="src\Employee.cpp">
      <Filter>core</Filter>
    </ClCompile>
    <ClCompile Include="src\PayrollDatabase.cpp">
      <Filter>core</Filter>
    </ClCompile>
    <ClCompile Include="src\SalesReceipt.cpp">
      <Filter>core</Filter>
    </ClCompile>
    <ClCompile Include="src\ServiceCharge.cpp">
      <Filter>core</Filter>
    </ClCompile>
    <ClCompile Include="src\TimeCard.cpp">
      <Filter>core</Filter>
    </ClCompile>
    <ClCompile Include="src\Paycheck.cpp">
      <Filter>core</Filter>
    </ClCompile>
    <ClCompile Include="src\Application.cpp" />
    <ClCompile Include="src\TransactionSource.cpp" />
    <ClCompile Include="src\PayrollApplication.cpp" />
    <ClCompile Include="src\main.cpp" />
    <ClCompile Include="src\TextParserTransactionSource.cpp" />
  </ItemGroup>
  <ItemGroup>
    <ClInclude Include="src\CommissionedClassification.h">
      <Filter>classification</Filter>
    </ClInclude>
    <ClInclude Include="src\PaymentClassification.h">
      <Filter>classification</Filter>
    </ClInclude>
    <ClInclude Include="src\HourlyClassification.h">
      <Filter>classification</Filter>
    </ClInclude>
    <ClInclude Include="src\SalariedClassification.h">
      <Filter>classification</Filter>
    </ClInclude>
    <ClInclude Include="src\BiweeklySchedule.h">
      <Filter>schedule</Filter>
    </ClInclude>
    <ClInclude Include="src\MonthlySchedule.h">
      <Filter>schedule</Filter>
    </ClInclude>
    <ClInclude Include="src\PaymentSchedule.h">
      <Filter>schedule</Filter>
    </ClInclude>
    <ClInclude Include="src\WeeklySchedule.h">
      <Filter>schedule</Filter>
    </ClInclude>
    <ClInclude Include="src\AddEmployeeTransaction.h">
      <Filter>transaction</Filter>
    </ClInclude>
    <ClInclude Include="src\AddSalariedEmployee.h">
      <Filter>transaction</Filter>
    </ClInclude>
    <ClInclude Include="src\Transaction.h">
      <Filter>transaction</Filter>
    </ClInclude>
    <ClInclude Include="src\DirectMethod.h">
      <Filter>method</Filter>
    </ClInclude>
    <ClInclude Include="src\HoldMethod.h">
      <Filter>method</Filter>
    </ClInclude>
    <ClInclude Include="src\MailMethod.h">
      <Filter>method</Filter>
    </ClInclude>
    <ClInclude Include="src\PaymentMethod.h">
      <Filter>method</Filter>
    </ClInclude>
    <ClInclude Include="src\AddHourlyEmployee.h">
      <Filter>transaction</Filter>
    </ClInclude>
    <ClInclude Include="src\AddCommissionedEmployee.h">
      <Filter>transaction</Filter>
    </ClInclude>
    <ClInclude Include="src\DeleteEmployeeTransaction.h">
      <Filter>transaction</Filter>
    </ClInclude>
    <ClInclude Include="src\TimeCardTransaction.h">
      <Filter>transaction</Filter>
    </ClInclude>
    <ClInclude Include="util\Date.h">
      <Filter>util</Filter>
    </ClInclude>
    <ClInclude Include="src\SalesReceiptTransaction.h">
      <Filter>transaction</Filter>
    </ClInclude>
    <ClInclude Include="src\ServiceChargeTransaction.h">
      <Filter>transaction</Filter>
    </ClInclude>
    <ClInclude Include="src\ChangeEmployeeTransaction.h">
      <Filter>transaction</Filter>
    </ClInclude>
    <ClInclude Include="src\ChangeNameTransaction.h">
      <Filter>transaction</Filter>
    </ClInclude>
    <ClInclude Include="src\ChangeClassificationTransaction.h">
      <Filter>transaction</Filter>
    </ClInclude>
    <ClInclude Include="src\ChangeHourlyTransaction.h">
      <Filter>transaction</Filter>
    </ClInclude>
    <ClInclude Include="src\ChangeSalariedTransaction.h">
      <Filter>transaction</Filter>
    </ClInclude>
    <ClInclude Include="src\ChangeCommissionedTransaction.h">
      <Filter>transaction</Filter>
    </ClInclude>
    <ClInclude Include="src\ChangeMethodTransaction.h">
      <Filter>transaction</Filter>
    </ClInclude>
    <ClInclude Include="src\ChangeDirectTransaction.h">
      <Filter>transaction</Filter>
    </ClInclude>
    <ClInclude Include="src\ChangeAffiliationTransaction.h">
      <Filter>transaction</Filter>
    </ClInclude>
    <ClInclude Include="src\ChangeMemberTransaction.h">
      <Filter>transaction</Filter>
    </ClInclude>
    <ClInclude Include="src\UnionAffiliation.h">
      <Filter>affiliation</Filter>
    </ClInclude>
    <ClInclude Include="src\Affiliation.h">
      <Filter>affiliation</Filter>
    </ClInclude>
    <ClInclude Include="src\NoAffiliation.h">
      <Filter>affiliation</Filter>
    </ClInclude>
    <ClInclude Include="src\ChangeUnaffiliationTransaction.h">
      <Filter>transaction</Filter>
    </ClInclude>
    <ClInclude Include="src\PaydayTransaction.h">
      <Filter>transaction</Filter>
    </ClInclude>
    <ClInclude Include="src\Employee.h">
      <Filter>core</Filter>
    </ClInclude>
    <ClInclude Include="src\PayrollDatabase.h">
      <Filter>core</Filter>
    </ClInclude>
    <ClInclude Include="src\SalesReceipt.h">
      <Filter>core</Filter>
    </ClInclude>
    <ClInclude Include="src\ServiceCharge.h">
      <Filter>core</Filter>
    </ClInclude>
    <ClInclude Include="src\TimeCard.h">
      <Filter>core</Filter>
    </ClInclude>
    <ClInclude Include="src\Paycheck.h">
      <Filter>core</Filter>
    </ClInclude>
    <ClInclude Include="src\Application.h" />
    <ClInclude Include="src\TransactionSource.h" />
    <ClInclude Include="src\PayrollApplication.h" />
    <ClInclude Include="src\TextParserTransactionSource.h" />
  </ItemGroup>
  <ItemGroup>
    <Filter Include="schedule">
      <UniqueIdentifier>{d836fd5e-957c-4477-bd2d-abf16ec8515c}</UniqueIdentifier>
    </Filter>
    <Filter Include="transaction">
      <UniqueIdentifier>{e253b729-1823-4566-a96b-f2db41de281e}</UniqueIdentifier>
    </Filter>
    <Filter Include="method">
      <UniqueIdentifier>{e072b094-10d9-4e34-b0c8-aba33faf2047}</UniqueIdentifier>
    </Filter>
    <Filter Include="classification">
      <UniqueIdentifier>{fdb5007c-e8ec-4a8e-be2e-0396a8cd6d99}</UniqueIdentifier>
    </Filter>
    <Filter Include="util">
      <UniqueIdentifier>{81d947db-7809-40dd-b7a6-4ced55c6de65}</UniqueIdentifier>
    </Filter>
    <Filter Include="affiliation">
      <UniqueIdentifier>{59376def-c034-44db-bf9f-226ad93ad058}</UniqueIdentifier>
    </Filter>
    <Filter Include="core">
      <UniqueIdentifier>{432e466f-17a6-4e25-800e-398bd83c5839}</UniqueIdentifier>
    </Filter>
  </ItemGroup>
</Project>